# This file is autogenerated, do not edit; changes may be undone by the next 'dep ensure'.


[[projects]]
  branch = "master"
  name = "github.com/awalterschulze/goderive"
  packages = [
    "derive",
    "plugin/all",
    "plugin/any",
    "plugin/clone",
    "plugin/compare",
    "plugin/compose",
    "plugin/contains",
    "plugin/curry",
    "plugin/deepcopy",
    "plugin/do",
    "plugin/dup",
    "plugin/equal",
    "plugin/filter",
    "plugin/flip",
    "plugin/fmap",
    "plugin/gostring",
    "plugin/intersect",
    "plugin/join",
    "plugin/keys",
    "plugin/max",
    "plugin/min",
    "plugin/pipeline",
    "plugin/set",
    "plugin/sort",
    "plugin/takewhile",
    "plugin/tuple",
    "plugin/uncurry",
    "plugin/union",
    "plugin/unique"
  ]
  revision = "a3acd3a68e1531b9609813a04f7e1e29e61ec597"

[[projects]]
  name = "github.com/davecgh/go-spew"
  packages = ["spew"]
  revision = "346938d642f2ec3594ed81d874461961cd0faa76"
  version = "v1.1.0"

[[projects]]
  name = "github.com/go-test/deep"
  packages = ["."]
  revision = "6592d9cc0a499ad2d5f574fde80a2b5c5cc3b4f5"
  version = "v1.0.1"

[[projects]]
  branch = "master"
  name = "github.com/gopherjs/gopherjs"
  packages = ["js"]
  revision = "8dffc02ea1cb8398bb73f30424697c60fcf8d4c5"

[[projects]]
  name = "github.com/jtolds/gls"
  packages = ["."]
  revision = "77f18212c9c7edc9bd6a33d383a7b545ce62f064"
  version = "v4.2.1"

[[projects]]
  name = "github.com/kisielk/gotool"
  packages = [
    ".",
    "internal/load"
  ]
  revision = "80517062f582ea3340cd4baf70e86d539ae7d84d"
  version = "v1.0.0"

[[projects]]
  branch = "master"
  name = "github.com/lib/pq"
  packages = [
    ".",
    "oid"
  ]
  revision = "90697d60dd844d5ef6ff15135d0203f65d2f53b8"

[[projects]]
  branch = "master"
  name = "github.com/ng-vu/goconveyx"
  packages = ["."]
  revision = "10bc073ba239c5caba35425a7d335330f099498c"

[[projects]]
  name = "github.com/smartystreets/assertions"
  packages = [
    ".",
    "internal/go-render/render",
    "internal/oglematchers"
  ]
  revision = "7678a5452ebea5b7090a6b163f844c133f523da2"
  version = "1.8.3"

[[projects]]
  name = "github.com/smartystreets/goconvey"
  packages = [
    "convey",
    "convey/gotest",
    "convey/reporting"
  ]
  revision = "9e8dc3f972df6c8fcc0375ef492c24d0bb204857"
  version = "1.6.3"

[[projects]]
  branch = "master"
  name = "golang.org/x/tools"
  packages = [
    "go/ast/astutil",
    "go/buildutil",
    "go/loader"
  ]
  revision = "a5b4c53f6e8bdcafa95a94671bf2d1203365858b"

[solve-meta]
  analyzer-name = "dep"
  analyzer-version = 1
  inputs-digest = "fbc27c49db23755161b1009dac3002a59e49e69f29f51618363c2827b141d320"
  solver-name = "gps-cdcl"
  solver-version = 1
